memo = "3300a7c3f4760fa5543fa6785c7568867e65d5af12541dfd75052088d4f6870f"

[[projects]]
  name = "cloud.google.com/go"
  packages = ["compute/metadata","internal"]
  revision = "2e6a95edb1071d750f6d7db777bf66cd2997af6c"
  version = "v0.7.0"

[[projects]]
  branch = "master"
  name = "github.com/golang/protobuf"
  packages = ["proto","ptypes/any","ptypes/timestamp"]
  revision = "fec3b39b059c0f88fa6b20f5ed012b1aa203a8b4"

[[projects]]
  branch = "master"
  name = "github.com/googleapis/gax-go"
  packages = ["."]
  revision = "9af46dd5a1713e8b5cd71106287eba3cefdde50b"

[[projects]]
  branch = "master"
  name = "github.com/knq/envcfg"
  packages = ["."]
  revision = "ac4e8e89b6508f0d74617f61de7e68a351cc3896"

[[projects]]
  branch = "master"
  name = "github.com/knq/firebase"
  packages = ["."]
  revision = "ac317d340ae62f2f32ced3fd6f98f6a0bf9660ac"

[[projects]]
  branch = "master"
  name = "github.com/knq/ini"
  packages = [".","parser"]
  revision = "668e7f44efb09df98684858a6a72bdf96f7a1685"

[[projects]]
  branch = "master"
  name = "github.com/knq/jwt"
  packages = [".","bearer","gserviceaccount"]
  revision = "b8acfb9b22cac2bd72f7d7555c46664a5df3d2a6"

[[projects]]
  branch = "master"
  name = "github.com/knq/pemutil"
  packages = ["."]
  revision = "a128105dd4897e4b763d54cb548222f70c4a6622"

[[projects]]
  branch = "master"
  name = "github.com/synoday/golang"
  packages = ["auth/token","protogen/type/creds","protogen/user"]
  revision = "591dd9fdb8a4a1c53e4ef9210f32d9d875e16a9a"

[[projects]]
  branch = "master"
  name = "golang.org/x/crypto"
  packages = ["bcrypt","blowfish"]
  revision = "ab89591268e0c8b748cbe4047b00197516011af5"

[[projects]]
  branch = "master"
  name = "golang.org/x/net"
  packages = ["context","context/ctxhttp","http2","http2/hpack","idna","internal/timeseries","lex/httplex","trace"]
  revision = "84f0e6f92b10139f986b1756e149a7d9de270cdc"

[[projects]]
  branch = "master"
  name = "golang.org/x/oauth2"
  packages = [".","google","internal","jws","jwt"]
  revision = "ad516a297a9f2a74ecc244861b298c94bdd28b9d"

[[projects]]
  branch = "master"
  name = "golang.org/x/text"
  packages = ["internal/gen","internal/triegen","internal/ucd","secure/bidirule","transform","unicode/bidi","unicode/cldr","unicode/norm","unicode/rangetable"]
  revision = "19e51611da83d6be54ddafce4a4af510cb3e9ea4"

[[projects]]
  name = "google.golang.org/appengine"
  packages = [".","internal","internal/app_identity","internal/base","internal/datastore","internal/log","internal/modules","internal/remote_api","internal/urlfetch","urlfetch"]
  revision = "150dc57a1b433e64154302bdc40b6bb8aefa313a"
  version = "v1.0.0"

[[projects]]
  branch = "master"
  name = "google.golang.org/genproto"
  packages = ["googleapis/rpc/status"]
  revision = "411e09b969b1170a9f0c467558eb4c4c110d9c77"

[[projects]]
  branch = "master"
  name = "google.golang.org/grpc"
  packages = [".","codes","credentials","grpclb/grpc_lb_v1","grpclog","internal","keepalive","metadata","naming","peer","stats","status","tap","transport"]
  revision = "1c69e4cae0f5180ce7d8b472bf0a55d2654fe31b"
